
Microsoft Visual Studio Solution File, Format Version 12.00
# Visual Studio Version 16
VisualStudioVersion = 16.0.31613.86
MinimumVisualStudioVersion = 10.0.40219.1
Project("{2150E333-8FDC-42A3-9474-1A3956D46DE8}") = "Services", "Services", "{3F60635E-CA72-48DA-80B3-04C80B505CAC}"
EndProject
Project("{2150E333-8FDC-42A3-9474-1A3956D46DE8}") = "Catalog", "Catalog", "{BEC68A76-AB55-46FA-81B1-6308E726A9EB}"
EndProject
Project("{FAE04EC0-301F-11D3-BF4B-00C04F79EFBC}") = "Catalog.API", "Services\Catalog\Catalog.API\Catalog.API.csproj", "{630B33EE-FCBF-4506-9A9C-57D9166CFEF4}"
EndProject
Project("{E53339B2-1760-4266-BCC7-CA923CBCF16C}") = "docker-compose", "docker-compose.dcproj", "{1915775F-69A6-44FC-B1FA-C29F4FCC540E}"
EndProject
Project("{2150E333-8FDC-42A3-9474-1A3956D46DE8}") = "Basket", "Basket", "{7BF32043-95B7-4645-86F8-BCDF9787A4C1}"
EndProject
Project("{FAE04EC0-301F-11D3-BF4B-00C04F79EFBC}") = "Basket.API", "Services\Basket\Basket.API\Basket.API.csproj", "{E7310CF9-28ED-47A0-BCDD-C5CA88000C8C}"
EndProject
Project("{2150E333-8FDC-42A3-9474-1A3956D46DE8}") = "Discount", "Discount", "{59042B4B-349C-43B9-ABAF-928DBA9D0CED}"
EndProject
Project("{FAE04EC0-301F-11D3-BF4B-00C04F79EFBC}") = "Discount.API", "Services\Discount\Discount.API\Discount.API.csproj", "{FA526166-9C90-41CC-A2C7-81E7A4DD5718}"
EndProject
Global
	GlobalSection(SolutionConfigurationPlatforms) = preSolution
		Debug|Any CPU = Debug|Any CPU
		Release|Any CPU = Release|Any CPU
	EndGlobalSection
	GlobalSection(ProjectConfigurationPlatforms) = postSolution
		{630B33EE-FCBF-4506-9A9C-57D9166CFEF4}.Debug|Any CPU.ActiveCfg = Debug|Any CPU
		{630B33EE-FCBF-4506-9A9C-57D9166CFEF4}.Debug|Any CPU.Build.0 = Debug|Any CPU
		{630B33EE-FCBF-4506-9A9C-57D9166CFEF4}.Release|Any CPU.ActiveCfg = Release|Any CPU
		{630B33EE-FCBF-4506-9A9C-57D9166CFEF4}.Release|Any CPU.Build.0 = Release|Any CPU
		{1915775F-69A6-44FC-B1FA-C29F4FCC540E}.Debug|Any CPU.ActiveCfg = Debug|Any CPU
		{1915775F-69A6-44FC-B1FA-C29F4FCC540E}.Debug|Any CPU.Build.0 = Debug|Any CPU
		{1915775F-69A6-44FC-B1FA-C29F4FCC540E}.Release|Any CPU.ActiveCfg = Release|Any CPU
		{1915775F-69A6-44FC-B1FA-C29F4FCC540E}.Release|Any CPU.Build.0 = Release|Any CPU
		{E7310CF9-28ED-47A0-BCDD-C5CA88000C8C}.Debug|Any CPU.ActiveCfg = Debug|Any CPU
		{E7310CF9-28ED-47A0-BCDD-C5CA88000C8C}.Debug|Any CPU.Build.0 = Debug|Any CPU
		{E7310CF9-28ED-47A0-BCDD-C5CA88000C8C}.Release|Any CPU.ActiveCfg = Release|Any CPU
		{E7310CF9-28ED-47A0-BCDD-C5CA88000C8C}.Release|Any CPU.Build.0 = Release|Any CPU
		{FA526166-9C90-41CC-A2C7-81E7A4DD5718}.Debug|Any CPU.ActiveCfg = Debug|Any CPU
		{FA526166-9C90-41CC-A2C7-81E7A4DD5718}.Debug|Any CPU.Build.0 = Debug|Any CPU
		{FA526166-9C90-41CC-A2C7-81E7A4DD5718}.Release|Any CPU.ActiveCfg = Release|Any CPU
		{FA526166-9C90-41CC-A2C7-81E7A4DD5718}.Release|Any CPU.Build.0 = Release|Any CPU
	EndGlobalSection
	GlobalSection(SolutionProperties) = preSolution
		HideSolutionNode = FALSE
	EndGlobalSection
	GlobalSection(NestedProjects) = preSolution
		{BEC68A76-AB55-46FA-81B1-6308E726A9EB} = {3F60635E-CA72-48DA-80B3-04C80B505CAC}
		{630B33EE-FCBF-4506-9A9C-57D9166CFEF4} = {BEC68A76-AB55-46FA-81B1-6308E726A9EB}
		{7BF32043-95B7-4645-86F8-BCDF9787A4C1} = {3F60635E-CA72-48DA-80B3-04C80B505CAC}
		{E7310CF9-28ED-47A0-BCDD-C5CA88000C8C} = {7BF32043-95B7-4645-86F8-BCDF9787A4C1}
		{59042B4B-349C-43B9-ABAF-928DBA9D0CED} = {3F60635E-CA72-48DA-80B3-04C80B505CAC}
		{FA526166-9C90-41CC-A2C7-81E7A4DD5718} = {59042B4B-349C-43B9-ABAF-928DBA9D0CED}
	EndGlobalSection
	GlobalSection(ExtensibilityGlobals) = postSolution
		SolutionGuid = {7265C459-A0EF-4810-8341-88EE9A3498A1}
	EndGlobalSection
EndGlobal
